
Microsoft Visual Studio Solution File, Format Version 12.00
# Visual Studio Version 16
VisualStudioVersion = 16.0.31729.503
MinimumVisualStudioVersion = 10.0.40219.1
Project("{FAE04EC0-301F-11D3-BF4B-00C04F79EFBC}") = "ExpressionTreeExample", "ExpressionTreeExample\ExpressionTreeExample.csproj", "{4526B1E3-5091-4399-AD0B-686A1AAEDA0A}"
EndProject
Global
	GlobalSection(SolutionConfigurationPlatforms) = preSolution
		Debug|Any CPU = Debug|Any CPU
		Release|Any CPU = Release|Any CPU
	EndGlobalSection
	GlobalSection(ProjectConfigurationPlatforms) = postSolution
		{4526B1E3-5091-4399-AD0B-686A1AAEDA0A}.Debug|Any CPU.ActiveCfg = Debug|Any CPU
		{4526B1E3-5091-4399-AD0B-686A1AAEDA0A}.Debug|Any CPU.Build.0 = Debug|Any CPU
		{4526B1E3-5091-4399-AD0B-686A1AAEDA0A}.Release|Any CPU.ActiveCfg = Release|Any CPU
		{4526B1E3-5091-4399-AD0B-686A1AAEDA0A}.Release|Any CPU.Build.0 = Release|Any CPU
	EndGlobalSection
	GlobalSection(SolutionProperties) = preSolution
		HideSolutionNode = FALSE
	EndGlobalSection
	GlobalSection(ExtensibilityGlobals) = postSolution
		SolutionGuid = {491612EA-7AD9-415E-82DA-14966FBF2425}
	EndGlobalSection
EndGlobal
